PODS:
  - R.swift (5.0.2):
    - R.swift.Library (~> 5.0.0)
  - R.swift.Library (5.0.0)

DEPENDENCIES:
  - R.swift (~> 5.0)

SPEC REPOS:
  https://github.com/cocoapods/specs.git:
    - R.swift
    - R.swift.Library

SPEC CHECKSUMS:
  R.swift: 81455d81467763cbd3f4d79d938d05f4ac4c0228
  R.swift.Library: 0bf390e729bc10bb2c9e4fb78bd043164a7be4ff

PODFILE CHECKSUM: 25514bfc27459df4a00230299ce570d2ae3b2f09

COCOAPODS: 1.5.3
